
Microsoft Visual Studio Solution File, Format Version 12.00
# Visual Studio Version 17
VisualStudioVersion = 17.4.33205.214
MinimumVisualStudioVersion = 10.0.40219.1
Project("{2150E333-8FDC-42A3-9474-1A3956D46DE8}") = "Solution Items", "Solution Items", "{FC34420D-C4D9-4534-88E2-2C4C6DE14329}"
	ProjectSection(SolutionItems) = preProject
		readme.md = readme.md
		Stash.txt = Stash.txt
	EndProjectSection
EndProject
Project("{9A19103F-16F7-4668-BE54-9A1E7A4F7556}") = "EntityFrameworkCore", "EntityFrameworkCore\EntityFrameworkCore.csproj", "{E18B507F-577F-438A-B103-2F37055CF4B1}"
EndProject
Project("{9A19103F-16F7-4668-BE54-9A1E7A4F7556}") = "SqlDataProviders", "SqlDataProviders\SqlDataProviders.csproj", "{31D13FE2-D03E-477D-B264-154C27221765}"
EndProject
Project("{9A19103F-16F7-4668-BE54-9A1E7A4F7556}") = "EntityFrameworkCore1", "EntitFrameworkCore1\EntityFrameworkCore1.csproj", "{95DC12A2-2783-4181-B54A-3D8F2D2D8BD4}"
EndProject
Project("{9A19103F-16F7-4668-BE54-9A1E7A4F7556}") = "EntityFrameworkCore2", "EntityFrameworkCore2\EntityFrameworkCore2.csproj", "{3340DE11-9513-4357-A477-B377BF465BC1}"
EndProject
Project("{9A19103F-16F7-4668-BE54-9A1E7A4F7556}") = "EntityFrameworkCore3", "EntityFrameworkCore3\EntityFrameworkCore3.csproj", "{DB76FDFC-AC72-4DDB-BEF9-5A5E89DD602A}"
EndProject
Project("{2150E333-8FDC-42A3-9474-1A3956D46DE8}") = "Experiments", "Experiments", "{B05B6E94-AAE9-4B1D-9C47-E44E3BBE390A}"
EndProject
Project("{9A19103F-16F7-4668-BE54-9A1E7A4F7556}") = "AutoIncrementVersion", "AutoIncrementVersion\AutoIncrementVersion.csproj", "{7B178178-FC92-43CC-BE83-9708DD3E2969}"
EndProject
Project("{2150E333-8FDC-42A3-9474-1A3956D46DE8}") = "Class projects", "Class projects", "{BAE552BA-5686-47DA-A10E-D81171DFA669}"
EndProject
Project("{9A19103F-16F7-4668-BE54-9A1E7A4F7556}") = "VersioningLibrary", "VersioningLibrary\VersioningLibrary.csproj", "{2A6C115E-3E13-4769-9008-3B37C4D11E07}"
EndProject
Project("{9A19103F-16F7-4668-BE54-9A1E7A4F7556}") = "Spectre.Library", "Spectre.Library\Spectre.Library.csproj", "{6B7D73F1-FF78-4E5D-AEFE-B1CB90F76577}"
EndProject
Project("{9A19103F-16F7-4668-BE54-9A1E7A4F7556}") = "EntityFrameworkCore4", "EntityFrameworkCore4\EntityFrameworkCore4.csproj", "{5BA913DD-1427-493B-931E-05737DA7C808}"
EndProject
Project("{FAE04EC0-301F-11D3-BF4B-00C04F79EFBC}") = "EnityFrameworkCoreOffice", "EnityFrameworkCoreOffice\EnityFrameworkCoreOffice.csproj", "{9011ED08-E587-4237-B0B3-BE450BEDFFED}"
EndProject
Global
	GlobalSection(SolutionConfigurationPlatforms) = preSolution
		Debug|Any CPU = Debug|Any CPU
		Release|Any CPU = Release|Any CPU
	EndGlobalSection
	GlobalSection(ProjectConfigurationPlatforms) = postSolution
		{E18B507F-577F-438A-B103-2F37055CF4B1}.Debug|Any CPU.ActiveCfg = Debug|Any CPU
		{E18B507F-577F-438A-B103-2F37055CF4B1}.Debug|Any CPU.Build.0 = Debug|Any CPU
		{E18B507F-577F-438A-B103-2F37055CF4B1}.Release|Any CPU.ActiveCfg = Release|Any CPU
		{E18B507F-577F-438A-B103-2F37055CF4B1}.Release|Any CPU.Build.0 = Release|Any CPU
		{31D13FE2-D03E-477D-B264-154C27221765}.Debug|Any CPU.ActiveCfg = Debug|Any CPU
		{31D13FE2-D03E-477D-B264-154C27221765}.Debug|Any CPU.Build.0 = Debug|Any CPU
		{31D13FE2-D03E-477D-B264-154C27221765}.Release|Any CPU.ActiveCfg = Release|Any CPU
		{31D13FE2-D03E-477D-B264-154C27221765}.Release|Any CPU.Build.0 = Release|Any CPU
		{95DC12A2-2783-4181-B54A-3D8F2D2D8BD4}.Debug|Any CPU.ActiveCfg = Debug|Any CPU
		{95DC12A2-2783-4181-B54A-3D8F2D2D8BD4}.Debug|Any CPU.Build.0 = Debug|Any CPU
		{95DC12A2-2783-4181-B54A-3D8F2D2D8BD4}.Release|Any CPU.ActiveCfg = Release|Any CPU
		{95DC12A2-2783-4181-B54A-3D8F2D2D8BD4}.Release|Any CPU.Build.0 = Release|Any CPU
		{3340DE11-9513-4357-A477-B377BF465BC1}.Debug|Any CPU.ActiveCfg = Debug|Any CPU
		{3340DE11-9513-4357-A477-B377BF465BC1}.Debug|Any CPU.Build.0 = Debug|Any CPU
		{3340DE11-9513-4357-A477-B377BF465BC1}.Release|Any CPU.ActiveCfg = Release|Any CPU
		{3340DE11-9513-4357-A477-B377BF465BC1}.Release|Any CPU.Build.0 = Release|Any CPU
		{DB76FDFC-AC72-4DDB-BEF9-5A5E89DD602A}.Debug|Any CPU.ActiveCfg = Debug|Any CPU
		{DB76FDFC-AC72-4DDB-BEF9-5A5E89DD602A}.Debug|Any CPU.Build.0 = Debug|Any CPU
		{DB76FDFC-AC72-4DDB-BEF9-5A5E89DD602A}.Release|Any CPU.ActiveCfg = Release|Any CPU
		{DB76FDFC-AC72-4DDB-BEF9-5A5E89DD602A}.Release|Any CPU.Build.0 = Release|Any CPU
		{7B178178-FC92-43CC-BE83-9708DD3E2969}.Debug|Any CPU.ActiveCfg = Debug|Any CPU
		{7B178178-FC92-43CC-BE83-9708DD3E2969}.Debug|Any CPU.Build.0 = Debug|Any CPU
		{7B178178-FC92-43CC-BE83-9708DD3E2969}.Release|Any CPU.ActiveCfg = Release|Any CPU
		{7B178178-FC92-43CC-BE83-9708DD3E2969}.Release|Any CPU.Build.0 = Release|Any CPU
		{2A6C115E-3E13-4769-9008-3B37C4D11E07}.Debug|Any CPU.ActiveCfg = Debug|Any CPU
		{2A6C115E-3E13-4769-9008-3B37C4D11E07}.Debug|Any CPU.Build.0 = Debug|Any CPU
		{2A6C115E-3E13-4769-9008-3B37C4D11E07}.Release|Any CPU.ActiveCfg = Release|Any CPU
		{2A6C115E-3E13-4769-9008-3B37C4D11E07}.Release|Any CPU.Build.0 = Release|Any CPU
		{6B7D73F1-FF78-4E5D-AEFE-B1CB90F76577}.Debug|Any CPU.ActiveCfg = Debug|Any CPU
		{6B7D73F1-FF78-4E5D-AEFE-B1CB90F76577}.Debug|Any CPU.Build.0 = Debug|Any CPU
		{6B7D73F1-FF78-4E5D-AEFE-B1CB90F76577}.Release|Any CPU.ActiveCfg = Release|Any CPU
		{6B7D73F1-FF78-4E5D-AEFE-B1CB90F76577}.Release|Any CPU.Build.0 = Release|Any CPU
		{5BA913DD-1427-493B-931E-05737DA7C808}.Debug|Any CPU.ActiveCfg = Debug|Any CPU
		{5BA913DD-1427-493B-931E-05737DA7C808}.Debug|Any CPU.Build.0 = Debug|Any CPU
		{5BA913DD-1427-493B-931E-05737DA7C808}.Release|Any CPU.ActiveCfg = Release|Any CPU
		{5BA913DD-1427-493B-931E-05737DA7C808}.Release|Any CPU.Build.0 = Release|Any CPU
		{9011ED08-E587-4237-B0B3-BE450BEDFFED}.Debug|Any CPU.ActiveCfg = Debug|Any CPU
		{9011ED08-E587-4237-B0B3-BE450BEDFFED}.Debug|Any CPU.Build.0 = Debug|Any CPU
		{9011ED08-E587-4237-B0B3-BE450BEDFFED}.Release|Any CPU.ActiveCfg = Release|Any CPU
		{9011ED08-E587-4237-B0B3-BE450BEDFFED}.Release|Any CPU.Build.0 = Release|Any CPU
	EndGlobalSection
	GlobalSection(SolutionProperties) = preSolution
		HideSolutionNode = FALSE
	EndGlobalSection
	GlobalSection(NestedProjects) = preSolution
		{7B178178-FC92-43CC-BE83-9708DD3E2969} = {B05B6E94-AAE9-4B1D-9C47-E44E3BBE390A}
		{2A6C115E-3E13-4769-9008-3B37C4D11E07} = {BAE552BA-5686-47DA-A10E-D81171DFA669}
		{6B7D73F1-FF78-4E5D-AEFE-B1CB90F76577} = {BAE552BA-5686-47DA-A10E-D81171DFA669}
	EndGlobalSection
	GlobalSection(ExtensibilityGlobals) = postSolution
		SolutionGuid = {80637860-4D20-4E44-9F5C-F997BA0DBE41}
	EndGlobalSection
EndGlobal
